// !$*UTF8*$!
{
	archiveVersion = 1;
	classes = {
	};
	objectVersion = 46;
	objects = {

/* Begin PBXBuildFile section */
		A0B8105C1C511A3100763B8B /* main.m in Sources */ = {isa = PBXBuildFile; fileRef = A0B8105B1C511A3100763B8B /* main.m */; };
		A0B8105F1C511A3100763B8B /* AppDelegate.m in Sources */ = {isa = PBXBuildFile; fileRef = A0B8105E1C511A3100763B8B /* AppDelegate.m */; };
		A0B810621C511A3100763B8B /* ViewController.m in Sources */ = {isa = PBXBuildFile; fileRef = A0B810611C511A3100763B8B /* ViewController.m */; };
		A0B810651C511A3100763B8B /* Main.storyboard in Resources */ = {isa = PBXBuildFile; fileRef = A0B810631C511A3100763B8B /* Main.storyboard */; };
		A0B810671C511A3200763B8B /* Assets.xcassets in Resources */ = {isa = PBXBuildFile; fileRef = A0B810661C511A3200763B8B /* Assets.xcassets */; };
		A0B810751C511A3200763B8B /* UIImageViewTests.m in Sources */ = {isa = PBXBuildFile; fileRef = A0B810741C511A3200763B8B /* UIImageViewTests.m */; };
		A0B810801C511A3200763B8B /* UIImageViewUITests.m in Sources */ = {isa = PBXBuildFile; fileRef = A0B8107F1C511A3200763B8B /* UIImageViewUITests.m */; };
		A0B8108E1C511A8300763B8B /* img.jpg in Resources */ = {isa = PBXBuildFile; fileRef = A0B8108D1C511A8300763B8B /* img.jpg */; };
		A0B810901C512BF700763B8B /* img1.jpg in Resources */ = {isa = PBXBuildFile; fileRef = A0B8108F1C512BF700763B8B /* img1.jpg */; };
/* End PBXBuildFile section */

/* Begin PBXContainerItemProxy section */
		A0B810711C511A3200763B8B /* PBXContainerItemProxy */ = {
			isa = PBXContainerItemProxy;
			containerPortal = A0B8104F1C511A3100763B8B /* Project object */;
			proxyType = 1;
			remoteGlobalIDString = A0B810561C511A3100763B8B;
			remoteInfo = UIImageView;
		};
		A0B8107C1C511A3200763B8B /* PBXContainerItemProxy */ = {
			isa = PBXContainerItemProxy;
			containerPortal = A0B8104F1C511A3100763B8B /* Project object */;
			proxyType = 1;
			remoteGlobalIDString = A0B810561C511A3100763B8B;
			remoteInfo = UIImageView;
		};
/* End PBXContainerItemProxy section */

/* Begin PBXFileReference section */
		A0B810571C511A3100763B8B /* UIImageView.app */ = {isa = PBXFileReference; explicitFileType = wrapper.application; includeInIndex = 0; path = UIImageView.app; sourceTree = BUILT_PRODUCTS_DIR; };
		A0B8105B1C511A3100763B8B /* main.m */ = {isa = PBXFileReference; lastKnownFileType = sourcecode.c.objc; path = main.m; sourceTree = "<group>"; };
		A0B8105D1C511A3100763B8B /* AppDelegate.h */ = {isa = PBXFileReference; lastKnownFileType = sourcecode.c.h; path = AppDelegate.h; sourceTree = "<group>"; };
		A0B8105E1C511A3100763B8B /* AppDelegate.m */ = {isa = PBXFileReference; lastKnownFileType = sourcecode.c.objc; path = AppDelegate.m; sourceTree = "<group>"; };
		A0B810601C511A3100763B8B /* ViewController.h */ = {isa = PBXFileReference; lastKnownFileType = sourcecode.c.h; path = ViewController.h; sourceTree = "<group>"; };
		A0B810611C511A3100763B8B /* ViewController.m */ = {isa = PBXFileReference; lastKnownFileType = sourcecode.c.objc; path = ViewController.m; sourceTree = "<group>"; };
		A0B810641C511A3100763B8B /* Base */ = {isa = PBXFileReference; lastKnownFileType = file.storyboard; name = Base; path = Base.lproj/Main.storyboard; sourceTree = "<group>"; };
		A0B810661C511A3200763B8B /* Assets.xcassets */ = {isa = PBXFileReference; lastKnownFileType = folder.assetcatalog; path = Assets.xcassets; sourceTree = "<group>"; };
		A0B8106B1C511A3200763B8B /* Info.plist */ = {isa = PBXFileReference; lastKnownFileType = text.plist.xml; path = Info.plist; sourceTree = "<group>"; };
		A0B810701C511A3200763B8B /* UIImageViewTests.xctest */ = {isa = PBXFileReference; explicitFileType = wrapper.cfbundle; includeInIndex = 0; path = UIImageViewTests.xctest; sourceTree = BUILT_PRODUCTS_DIR; };
		A0B810741C511A3200763B8B /* UIImageViewTests.m */ = {isa = PBXFileReference; lastKnownFileType = sourcecode.c.objc; path = UIImageViewTests.m; sourceTree = "<group>"; };
		A0B810761C511A3200763B8B /* Info.plist */ = {isa = PBXFileReference; lastKnownFileType = text.plist.xml; path = Info.plist; sourceTree = "<group>"; };
		A0B8107B1C511A3200763B8B /* UIImageViewUITests.xctest */ = {isa = PBXFileReference; explicitFileType = wrapper.cfbundle; includeInIndex = 0; path = UIImageViewUITests.xctest; sourceTree = BUILT_PRODUCTS_DIR; };
		A0B8107F1C511A3200763B8B /* UIImageViewUITests.m */ = {isa = PBXFileReference; lastKnownFileType = sourcecode.c.objc; path = UIImageViewUITests.m; sourceTree = "<group>"; };
		A0B810811C511A3200763B8B /* Info.plist */ = {isa = PBXFileReference; lastKnownFileType = text.plist.xml; path = Info.plist; sourceTree = "<group>"; };
		A0B8108D1C511A8300763B8B /* img.jpg */ = {isa = PBXFileReference; lastKnownFileType = image.jpeg; name = img.jpg; path = "../../../我的文件/我的照片/img.jpg"; sourceTree = "<group>"; };
		A0B8108F1C512BF700763B8B /* img1.jpg */ = {isa = PBXFileReference; lastKnownFileType = image.jpeg; name = img1.jpg; path = "../../../我的文件/我的照片/img1.jpg"; sourceTree = "<group>"; };
/* End PBXFileReference section */

/* Begin PBXFrameworksBuildPhase section */
		A0B810541C511A3100763B8B /* Frameworks */ = {
			isa = PBXFrameworksBuildPhase;
			buildActionMask = 2147483647;
			files = (
			);
			runOnlyForDeploymentPostprocessing = 0;
		};
		A0B8106D1C511A3200763B8B /* Frameworks */ = {
			isa = PBXFrameworksBuildPhase;
			buildActionMask = 2147483647;
			files = (
			);
			runOnlyForDeploymentPostprocessing = 0;
		};
		A0B810781C511A3200763B8B /* Frameworks */ = {
			isa = PBXFrameworksBuildPhase;
			buildActionMask = 2147483647;
			files = (
			);
			runOnlyForDeploymentPostprocessing = 0;
		};
/* End PBXFrameworksBuildPhase section */

/* Begin PBXGroup section */
		A0B8104E1C511A3100763B8B = {
			isa = PBXGroup;
			children = (
				A0B810591C511A3100763B8B /* UIImageView */,
				A0B810731C511A3200763B8B /* UIImageViewTests */,
				A0B8107E1C511A3200763B8B /* UIImageViewUITests */,
				A0B810581C511A3100763B8B /* Products */,
			);
			sourceTree = "<group>";
		};
		A0B810581C511A3100763B8B /* Products */ = {
			isa = PBXGroup;
			children = (
				A0B810571C511A3100763B8B /* UIImageView.app */,
				A0B810701C511A3200763B8B /* UIImageViewTests.xctest */,
				A0B8107B1C511A3200763B8B /* UIImageViewUITests.xctest */,
			);
			name = Products;
			sourceTree = "<group>";
		};
		A0B810591C511A3100763B8B /* UIImageView */ = {
			isa = PBXGroup;
			children = (
				A0B8105D1C511A3100763B8B /* AppDelegate.h */,
				A0B8108D1C511A8300763B8B /* img.jpg */,
				A0B8105E1C511A3100763B8B /* AppDelegate.m */,
				A0B810601C511A3100763B8B /* ViewController.h */,
				A0B810611C511A3100763B8B /* ViewController.m */,
				A0B8108F1C512BF700763B8B /* img1.jpg */,
				A0B810631C511A3100763B8B /* Main.storyboard */,
				A0B810661C511A3200763B8B /* Assets.xcassets */,
				A0B8106B1C511A3200763B8B /* Info.plist */,
				A0B8105A1C511A3100763B8B /* Supporting Files */,
			);
			path = UIImageView;
			sourceTree = "<group>";
		};
		A0B8105A1C511A3100763B8B /* Supporting Files */ = {
			isa = PBXGroup;
			children = (
				A0B8105B1C511A3100763B8B /* main.m */,
			);
			name = "Supporting Files";
			sourceTree = "<group>";
		};
		A0B810731C511A3200763B8B /* UIImageViewTests */ = {
			isa = PBXGroup;
			children = (
				A0B810741C511A3200763B8B /* UIImageViewTests.m */,
				A0B810761C511A3200763B8B /* Info.plist */,
			);
			path = UIImageViewTests;
			sourceTree = "<group>";
		};
		A0B8107E1C511A3200763B8B /* UIImageViewUITests */ = {
			isa = PBXGroup;
			children = (
				A0B8107F1C511A3200763B8B /* UIImageViewUITests.m */,
				A0B810811C511A3200763B8B /* Info.plist */,
			);
			path = UIImageViewUITests;
			sourceTree = "<group>";
		};
/* End PBXGroup section */

/* Begin PBXNativeTarget section */
		A0B810561C511A3100763B8B /* UIImageView */ = {
			isa = PBXNativeTarget;
			buildConfigurationList = A0B810841C511A3200763B8B /* Build configuration list for PBXNativeTarget "UIImageView" */;
			buildPhases = (
				A0B810531C511A3100763B8B /* Sources */,
				A0B810541C511A3100763B8B /* Frameworks */,
				A0B810551C511A3100763B8B /* Resources */,
			);
			buildRules = (
			);
			dependencies = (
			);
			name = UIImageView;
			productName = UIImageView;
			productReference = A0B810571C511A3100763B8B /* UIImageView.app */;
			productType = "com.apple.product-type.application";
		};
		A0B8106F1C511A3200763B8B /* UIImageViewTests */ = {
			isa = PBXNativeTarget;
			buildConfigurationList = A0B810871C511A3200763B8B /* Build configuration list for PBXNativeTarget "UIImageViewTests" */;
			buildPhases = (
				A0B8106C1C511A3200763B8B /* Sources */,
				A0B8106D1C511A3200763B8B /* Frameworks */,
				A0B8106E1C511A3200763B8B /* Resources */,
			);
			buildRules = (
			);
			dependencies = (
				A0B810721C511A3200763B8B /* PBXTargetDependency */,
			);
			name = UIImageViewTests;
			productName = UIImageViewTests;
			productReference = A0B810701C511A3200763B8B /* UIImageViewTests.xctest */;
			productType = "com.apple.product-type.bundle.unit-test";
		};
		A0B8107A1C511A3200763B8B /* UIImageViewUITests */ = {
			isa = PBXNativeTarget;
			buildConfigurationList = A0B8108A1C511A3200763B8B /* Build configuration list for PBXNativeTarget "UIImageViewUITests" */;
			buildPhases = (
				A0B810771C511A3200763B8B /* Sources */,
				A0B810781C511A3200763B8B /* Frameworks */,
				A0B810791C511A3200763B8B /* Resources */,
			);
			buildRules = (
			);
			dependencies = (
				A0B8107D1C511A3200763B8B /* PBXTargetDependency */,
			);
			name = UIImageViewUITests;
			productName = UIImageViewUITests;
			productReference = A0B8107B1C511A3200763B8B /* UIImageViewUITests.xctest */;
			productType = "com.apple.product-type.bundle.ui-testing";
		};
/* End PBXNativeTarget section */

/* Begin PBXProject section */
		A0B8104F1C511A3100763B8B /* Project object */ = {
			isa = PBXProject;
			attributes = {
				LastUpgradeCheck = 0720;
				ORGANIZATIONNAME = "周伟";
				TargetAttributes = {
					A0B810561C511A3100763B8B = {
						CreatedOnToolsVersion = 7.2;
						DevelopmentTeam = K9G8A2A8Q6;
					};
					A0B8106F1C511A3200763B8B = {
						CreatedOnToolsVersion = 7.2;
						DevelopmentTeam = K9G8A2A8Q6;
						TestTargetID = A0B810561C511A3100763B8B;
					};
					A0B8107A1C511A3200763B8B = {
						CreatedOnToolsVersion = 7.2;
						DevelopmentTeam = K9G8A2A8Q6;
						TestTargetID = A0B810561C511A3100763B8B;
					};
				};
			};
			buildConfigurationList = A0B810521C511A3100763B8B /* Build configuration list for PBXProject "UIImageView" */;
			compatibilityVersion = "Xcode 3.2";
			developmentRegion = English;
			hasScannedForEncodings = 0;
			knownRegions = (
				en,
				Base,
			);
			mainGroup = A0B8104E1C511A3100763B8B;
			productRefGroup = A0B810581C511A3100763B8B /* Products */;
			projectDirPath = "";
			projectRoot = "";
			targets = (
				A0B810561C511A3100763B8B /* UIImageView */,
				A0B8106F1C511A3200763B8B /* UIImageViewTests */,
				A0B8107A1C511A3200763B8B /* UIImageViewUITests */,
			);
		};
/* End PBXProject section */

/* Begin PBXResourcesBuildPhase section */
		A0B810551C511A3100763B8B /* Resources */ = {
			isa = PBXResourcesBuildPhase;
			buildActionMask = 2147483647;
			files = (
				A0B8108E1C511A8300763B8B /* img.jpg in Resources */,
				A0B810901C512BF700763B8B /* img1.jpg in Resources */,
				A0B810671C511A3200763B8B /* Assets.xcassets in Resources */,
				A0B810651C511A3100763B8B /* Main.storyboard in Resources */,
			);
			runOnlyForDeploymentPostprocessing = 0;
		};
		A0B8106E1C511A3200763B8B /* Resources */ = {
			isa = PBXResourcesBuildPhase;
			buildActionMask = 2147483647;
			files = (
			);
			runOnlyForDeploymentPostprocessing = 0;
		};
		A0B810791C511A3200763B8B /* Resources */ = {
			isa = PBXResourcesBuildPhase;
			buildActionMask = 2147483647;
			files = (
			);
			runOnlyForDeploymentPostprocessing = 0;
		};
/* End PBXResourcesBuildPhase section */

/* Begin PBXSourcesBuildPhase section */
		A0B810531C511A3100763B8B /* Sources */ = {
			isa = PBXSourcesBuildPhase;
			buildActionMask = 2147483647;
			files = (
				A0B810621C511A3100763B8B /* ViewController.m in Sources */,
				A0B8105F1C511A3100763B8B /* AppDelegate.m in Sources */,
				A0B8105C1C511A3100763B8B /* main.m in Sources */,
			);
			runOnlyForDeploymentPostprocessing = 0;
		};
		A0B8106C1C511A3200763B8B /* Sources */ = {
			isa = PBXSourcesBuildPhase;
			buildActionMask = 2147483647;
			files = (
				A0B810751C511A3200763B8B /* UIImageViewTests.m in Sources */,
			);
			runOnlyForDeploymentPostprocessing = 0;
		};
		A0B810771C511A3200763B8B /* Sources */ = {
			isa = PBXSourcesBuildPhase;
			buildActionMask = 2147483647;
			files = (
				A0B810801C511A3200763B8B /* UIImageViewUITests.m in Sources */,
			);
			runOnlyForDeploymentPostprocessing = 0;
		};
/* End PBXSourcesBuildPhase section */

/* Begin PBXTargetDependency section */
		A0B810721C511A3200763B8B /* PBXTargetDependency */ = {
			isa = PBXTargetDependency;
			target = A0B810561C511A3100763B8B /* UIImageView */;
			targetProxy = A0B810711C511A3200763B8B /* PBXContainerItemProxy */;
		};
		A0B8107D1C511A3200763B8B /* PBXTargetDependency */ = {
			isa = PBXTargetDependency;
			target = A0B810561C511A3100763B8B /* UIImageView */;
			targetProxy = A0B8107C1C511A3200763B8B /* PBXContainerItemProxy */;
		};
/* End PBXTargetDependency section */

/* Begin PBXVariantGroup section */
		A0B810631C511A3100763B8B /* Main.storyboard */ = {
			isa = PBXVariantGroup;
			children = (
				A0B810641C511A3100763B8B /* Base */,
			);
			name = Main.storyboard;
			sourceTree = "<group>";
		};
/* End PBXVariantGroup section */

/* Begin XCBuildConfiguration section */
		A0B810821C511A3200763B8B /* Debug */ = {
			isa = XCBuildConfiguration;
			buildSettings = {
				ALWAYS_SEARCH_USER_PATHS = NO;
				CLANG_CXX_LANGUAGE_STANDARD = "gnu++0x";
				CLANG_CXX_LIBRARY = "libc++";
				CLANG_ENABLE_MODULES = YES;
				CLANG_ENABLE_OBJC_ARC = YES;
				CLANG_WARN_BOOL_CONVERSION = YES;
				CLANG_WARN_CONSTANT_CONVERSION = YES;
				CLANG_WARN_DIRECT_OBJC_ISA_USAGE = YES_ERROR;
				CLANG_WARN_EMPTY_BODY = YES;
				CLANG_WARN_ENUM_CONVERSION = YES;
				CLANG_WARN_INT_CONVERSION = YES;
				CLANG_WARN_OBJC_ROOT_CLASS = YES_ERROR;
				CLANG_WARN_UNREACHABLE_CODE = YES;
				CLANG_WARN__DUPLICATE_METHOD_MATCH = YES;
				"CODE_SIGN_IDENTITY[sdk=iphoneos*]" = "iPhone Developer";
				COPY_PHASE_STRIP = NO;
				DEBUG_INFORMATION_FORMAT = dwarf;
				ENABLE_STRICT_OBJC_MSGSEND = YES;
				ENABLE_TESTABILITY = YES;
				GCC_C_LANGUAGE_STANDARD = gnu99;
				GCC_DYNAMIC_NO_PIC = NO;
				GCC_NO_COMMON_BLOCKS = YES;
				GCC_OPTIMIZATION_LEVEL = 0;
				GCC_PREPROCESSOR_DEFINITIONS = (
					"DEBUG=1",
					"$(inherited)",
				);
				GCC_WARN_64_TO_32_BIT_CONVERSION = YES;
				GCC_WARN_ABOUT_RETURN_TYPE = YES_ERROR;
				GCC_WARN_UNDECLARED_SELECTOR = YES;
				GCC_WARN_UNINITIALIZED_AUTOS = YES_AGGRESSIVE;
				GCC_WARN_UNUSED_FUNCTION = YES;
				GCC_WARN_UNUSED_VARIABLE = YES;
				IPHONEOS_DEPLOYMENT_TARGET = 9.2;
				MTL_ENABLE_DEBUG_INFO = YES;
				ONLY_ACTIVE_ARCH = YES;
				SDKROOT = iphoneos;
			};
			name = Debug;
		};
		A0B810831C511A3200763B8B /* Release */ = {
			isa = XCBuildConfiguration;
			buildSettings = {
				ALWAYS_SEARCH_USER_PATHS = NO;
				CLANG_CXX_LANGUAGE_STANDARD = "gnu++0x";
				CLANG_CXX_LIBRARY = "libc++";
				CLANG_ENABLE_MODULES = YES;
				CLANG_ENABLE_OBJC_ARC = YES;
				CLANG_WARN_BOOL_CONVERSION = YES;
				CLANG_WARN_CONSTANT_CONVERSION = YES;
				CLANG_WARN_DIRECT_OBJC_ISA_USAGE = YES_ERROR;
				CLANG_WARN_EMPTY_BODY = YES;
				CLANG_WARN_ENUM_CONVERSION = YES;
				CLANG_WARN_INT_CONVERSION = YES;
				CLANG_WARN_OBJC_ROOT_CLASS = YES_ERROR;
				CLANG_WARN_UNREACHABLE_CODE = YES;
				CLANG_WARN__DUPLICATE_METHOD_MATCH = YES;
				"CODE_SIGN_IDENTITY[sdk=iphoneos*]" = "iPhone Developer";
				COPY_PHASE_STRIP = NO;
				DEBUG_INFORMATION_FORMAT = "dwarf-with-dsym";
				ENABLE_NS_ASSERTIONS = NO;
				ENABLE_STRICT_OBJC_MSGSEND = YES;
				GCC_C_LANGUAGE_STANDARD = gnu99;
				GCC_NO_COMMON_BLOCKS = YES;
				GCC_WARN_64_TO_32_BIT_CONVERSION = YES;
				GCC_WARN_ABOUT_RETURN_TYPE = YES_ERROR;
				GCC_WARN_UNDECLARED_SELECTOR = YES;
				GCC_WARN_UNINITIALIZED_AUTOS = YES_AGGRESSIVE;
				GCC_WARN_UNUSED_FUNCTION = YES;
				GCC_WARN_UNUSED_VARIABLE = YES;
				IPHONEOS_DEPLOYMENT_TARGET = 9.2;
				MTL_ENABLE_DEBUG_INFO = NO;
				SDKROOT = iphoneos;
				VALIDATE_PRODUCT = YES;
			};
			name = Release;
		};
		A0B810851C511A3200763B8B /* Debug */ = {
			isa = XCBuildConfiguration;
			buildSettings = {
				ASSETCATALOG_COMPILER_APPICON_NAME = AppIcon;
				INFOPLIST_FILE = UIImageView/Info.plist;
				LD_RUNPATH_SEARCH_PATHS = "$(inherited) @executable_path/Frameworks";
				PRODUCT_BUNDLE_IDENTIFIER = chachaxw.com.UIImageView;
				PRODUCT_NAME = "$(TARGET_NAME)";
				TARGETED_DEVICE_FAMILY = 1;
			};
			name = Debug;
		};
		A0B810861C511A3200763B8B /* Release */ = {
			isa = XCBuildConfiguration;
			buildSettings = {
				ASSETCATALOG_COMPILER_APPICON_NAME = AppIcon;
				INFOPLIST_FILE = UIImageView/Info.plist;
				LD_RUNPATH_SEARCH_PATHS = "$(inherited) @executable_path/Frameworks";
				PRODUCT_BUNDLE_IDENTIFIER = chachaxw.com.UIImageView;
				PRODUCT_NAME = "$(TARGET_NAME)";
				TARGETED_DEVICE_FAMILY = 1;
			};
			name = Release;
		};
		A0B810881C511A3200763B8B /* Debug */ = {
			isa = XCBuildConfiguration;
			buildSettings = {
				BUNDLE_LOADER = "$(TEST_HOST)";
				INFOPLIST_FILE = UIImageViewTests/Info.plist;
				LD_RUNPATH_SEARCH_PATHS = "$(inherited) @executable_path/Frameworks @loader_path/Frameworks";
				PRODUCT_BUNDLE_IDENTIFIER = chachaxw.com.UIImageViewTests;
				PRODUCT_NAME = "$(TARGET_NAME)";
				TEST_HOST = "$(BUILT_PRODUCTS_DIR)/UIImageView.app/UIImageView";
			};
			name = Debug;
		};
		A0B810891C511A3200763B8B /* Release */ = {
			isa = XCBuildConfiguration;
			buildSettings = {
				BUNDLE_LOADER = "$(TEST_HOST)";
				INFOPLIST_FILE = UIImageViewTests/Info.plist;
				LD_RUNPATH_SEARCH_PATHS = "$(inherited) @executable_path/Frameworks @loader_path/Frameworks";
				PRODUCT_BUNDLE_IDENTIFIER = chachaxw.com.UIImageViewTests;
				PRODUCT_NAME = "$(TARGET_NAME)";
				TEST_HOST = "$(BUILT_PRODUCTS_DIR)/UIImageView.app/UIImageView";
			};
			name = Release;
		};
		A0B8108B1C511A3200763B8B /* Debug */ = {
			isa = XCBuildConfiguration;
			buildSettings = {
				INFOPLIST_FILE = UIImageViewUITests/Info.plist;
				LD_RUNPATH_SEARCH_PATHS = "$(inherited) @executable_path/Frameworks @loader_path/Frameworks";
				PRODUCT_BUNDLE_IDENTIFIER = chachaxw.com.UIImageViewUITests;
				PRODUCT_NAME = "$(TARGET_NAME)";
				TEST_TARGET_NAME = UIImageView;
				USES_XCTRUNNER = YES;
			};
			name = Debug;
		};
		A0B8108C1C511A3200763B8B /* Release */ = {
			isa = XCBuildConfiguration;
			buildSettings = {
				INFOPLIST_FILE = UIImageViewUITests/Info.plist;
				LD_RUNPATH_SEARCH_PATHS = "$(inherited) @executable_path/Frameworks @loader_path/Frameworks";
				PRODUCT_BUNDLE_IDENTIFIER = chachaxw.com.UIImageViewUITests;
				PRODUCT_NAME = "$(TARGET_NAME)";
				TEST_TARGET_NAME = UIImageView;
				USES_XCTRUNNER = YES;
			};
			name = Release;
		};
/* End XCBuildConfiguration section */

/* Begin XCConfigurationList section */
		A0B810521C511A3100763B8B /* Build configuration list for PBXProject "UIImageView" */ = {
			isa = XCConfigurationList;
			buildConfigurations = (
				A0B810821C511A3200763B8B /* Debug */,
				A0B810831C511A3200763B8B /* Release */,
			);
			defaultConfigurationIsVisible = 0;
			defaultConfigurationName = Release;
		};
		A0B810841C511A3200763B8B /* Build configuration list for PBXNativeTarget "UIImageView" */ = {
			isa = XCConfigurationList;
			buildConfigurations = (
				A0B810851C511A3200763B8B /* Debug */,
				A0B810861C511A3200763B8B /* Release */,
			);
			defaultConfigurationIsVisible = 0;
		};
		A0B810871C511A3200763B8B /* Build configuration list for PBXNativeTarget "UIImageViewTests" */ = {
			isa = XCConfigurationList;
			buildConfigurations = (
				A0B810881C511A3200763B8B /* Debug */,
				A0B810891C511A3200763B8B /* Release */,
			);
			defaultConfigurationIsVisible = 0;
		};
		A0B8108A1C511A3200763B8B /* Build configuration list for PBXNativeTarget "UIImageViewUITests" */ = {
			isa = XCConfigurationList;
			buildConfigurations = (
				A0B8108B1C511A3200763B8B /* Debug */,
				A0B8108C1C511A3200763B8B /* Release */,
			);
			defaultConfigurationIsVisible = 0;
		};
/* End XCConfigurationList section */
	};
	rootObject = A0B8104F1C511A3100763B8B /* Project object */;
}
